
Microsoft Visual Studio Solution File, Format Version 12.00
# Visual Studio Version 16
VisualStudioVersion = 16.0.30611.23
MinimumVisualStudioVersion = 10.0.40219.1
Project("{FAE04EC0-301F-11D3-BF4B-00C04F79EFBC}") = "PrototipoSIM", "PrototipoSIM\PrototipoSIM.csproj", "{D1828E9E-4B48-49AE-9A17-30F7F607E080}"
EndProject
Project("{FAE04EC0-301F-11D3-BF4B-00C04F79EFBC}") = "Randomizer", "Randomizer\Randomizer.csproj", "{7E4A4C7F-5023-4F87-98CB-A644E223D4A4}"
EndProject
Global
	GlobalSection(SolutionConfigurationPlatforms) = preSolution
		Debug|Any CPU = Debug|Any CPU
		Release|Any CPU = Release|Any CPU
	EndGlobalSection
	GlobalSection(ProjectConfigurationPlatforms) = postSolution
		{D1828E9E-4B48-49AE-9A17-30F7F607E080}.Debug|Any CPU.ActiveCfg = Debug|Any CPU
		{D1828E9E-4B48-49AE-9A17-30F7F607E080}.Debug|Any CPU.Build.0 = Debug|Any CPU
		{D1828E9E-4B48-49AE-9A17-30F7F607E080}.Release|Any CPU.ActiveCfg = Release|Any CPU
		{D1828E9E-4B48-49AE-9A17-30F7F607E080}.Release|Any CPU.Build.0 = Release|Any CPU
		{7E4A4C7F-5023-4F87-98CB-A644E223D4A4}.Debug|Any CPU.ActiveCfg = Debug|Any CPU
		{7E4A4C7F-5023-4F87-98CB-A644E223D4A4}.Debug|Any CPU.Build.0 = Debug|Any CPU
		{7E4A4C7F-5023-4F87-98CB-A644E223D4A4}.Release|Any CPU.ActiveCfg = Release|Any CPU
		{7E4A4C7F-5023-4F87-98CB-A644E223D4A4}.Release|Any CPU.Build.0 = Release|Any CPU
	EndGlobalSection
	GlobalSection(SolutionProperties) = preSolution
		HideSolutionNode = FALSE
	EndGlobalSection
	GlobalSection(ExtensibilityGlobals) = postSolution
		SolutionGuid = {FE4F8C68-BDED-4163-A2F2-87E2F0AAFA11}
	EndGlobalSection
EndGlobal
